
Microsoft Visual Studio Solution File, Format Version 12.00
# Visual Studio Version 17
VisualStudioVersion = 17.7.34024.191
MinimumVisualStudioVersion = 10.0.40219.1
Project("{9A19103F-16F7-4668-BE54-9A1E7A4F7556}") = "Shared", "Shared\Shared.csproj", "{B305DD66-1226-46A4-B92F-B50BB13A5B31}"
EndProject
Project("{9A19103F-16F7-4668-BE54-9A1E7A4F7556}") = "PostFeedbackSection", "PostFeedbackSection\PostFeedbackSection.csproj", "{DFC1D2A3-4F3A-4D7D-AD8A-D669378652C8}"
EndProject
Project("{9A19103F-16F7-4668-BE54-9A1E7A4F7556}") = "Sandbox", "Sandbox\Sandbox.csproj", "{D9D029FF-E836-4B8E-9F9E-037B0532297D}"
EndProject
Project("{9A19103F-16F7-4668-BE54-9A1E7A4F7556}") = "EntitiesSection", "EntitiesSection\EntitiesSection.csproj", "{E536B3A0-F2E4-4978-9971-7503573B3368}"
EndProject
Project("{9A19103F-16F7-4668-BE54-9A1E7A4F7556}") = "FeedSection", "FeedSection\FeedSection.csproj", "{068E3C95-4C6C-4901-A46F-82B65F8B064A}"
EndProject
Project("{9A19103F-16F7-4668-BE54-9A1E7A4F7556}") = "DiscoverySection", "DiscoverySection\DiscoverySection.csproj", "{DFDD654E-04ED-4B22-AA1A-5EC8A76A15BC}"
EndProject
Project("{9A19103F-16F7-4668-BE54-9A1E7A4F7556}") = "ContentQualitySection", "ContentQualitySection\ContentQualitySection.csproj", "{6D402BBB-63EB-4B4A-AFC5-AC16CD0B8F87}"
EndProject
Project("{FAE04EC0-301F-11D3-BF4B-00C04F79EFBC}") = "NotificationsSection", "NotificationsSection\NotificationsSection.csproj", "{AF469659-E353-4E0C-AC08-FF1024C97F84}"
EndProject
Project("{FAE04EC0-301F-11D3-BF4B-00C04F79EFBC}") = "Sandbox.Api", "Sandbox.Api\Sandbox.Api.csproj", "{D055C3BF-EA6B-44A0-93B0-074BCC2750AC}"
EndProject
Project("{FAE04EC0-301F-11D3-BF4B-00C04F79EFBC}") = "MembershipSection", "MembershipSection\MembershipSection.csproj", "{B8966502-82F4-4880-8738-78350D454C1F}"
EndProject
Project("{FAE04EC0-301F-11D3-BF4B-00C04F79EFBC}") = "FileBaseContext.Context", "..\..\..\Contributions\FileBaseContext\src\FileBaseContext.Context\FileBaseContext.Context.csproj", "{0AE0364B-A4F0-4F11-8B54-8C62A6B2609B}"
EndProject
Global
	GlobalSection(SolutionConfigurationPlatforms) = preSolution
		Debug|Any CPU = Debug|Any CPU
		Release|Any CPU = Release|Any CPU
	EndGlobalSection
	GlobalSection(ProjectConfigurationPlatforms) = postSolution
		{B305DD66-1226-46A4-B92F-B50BB13A5B31}.Debug|Any CPU.ActiveCfg = Debug|Any CPU
		{B305DD66-1226-46A4-B92F-B50BB13A5B31}.Debug|Any CPU.Build.0 = Debug|Any CPU
		{B305DD66-1226-46A4-B92F-B50BB13A5B31}.Release|Any CPU.ActiveCfg = Release|Any CPU
		{B305DD66-1226-46A4-B92F-B50BB13A5B31}.Release|Any CPU.Build.0 = Release|Any CPU
		{DFC1D2A3-4F3A-4D7D-AD8A-D669378652C8}.Debug|Any CPU.ActiveCfg = Debug|Any CPU
		{DFC1D2A3-4F3A-4D7D-AD8A-D669378652C8}.Debug|Any CPU.Build.0 = Debug|Any CPU
		{DFC1D2A3-4F3A-4D7D-AD8A-D669378652C8}.Release|Any CPU.ActiveCfg = Release|Any CPU
		{DFC1D2A3-4F3A-4D7D-AD8A-D669378652C8}.Release|Any CPU.Build.0 = Release|Any CPU
		{D9D029FF-E836-4B8E-9F9E-037B0532297D}.Debug|Any CPU.ActiveCfg = Debug|Any CPU
		{D9D029FF-E836-4B8E-9F9E-037B0532297D}.Debug|Any CPU.Build.0 = Debug|Any CPU
		{D9D029FF-E836-4B8E-9F9E-037B0532297D}.Release|Any CPU.ActiveCfg = Release|Any CPU
		{D9D029FF-E836-4B8E-9F9E-037B0532297D}.Release|Any CPU.Build.0 = Release|Any CPU
		{E536B3A0-F2E4-4978-9971-7503573B3368}.Debug|Any CPU.ActiveCfg = Debug|Any CPU
		{E536B3A0-F2E4-4978-9971-7503573B3368}.Debug|Any CPU.Build.0 = Debug|Any CPU
		{E536B3A0-F2E4-4978-9971-7503573B3368}.Release|Any CPU.ActiveCfg = Release|Any CPU
		{E536B3A0-F2E4-4978-9971-7503573B3368}.Release|Any CPU.Build.0 = Release|Any CPU
		{068E3C95-4C6C-4901-A46F-82B65F8B064A}.Debug|Any CPU.ActiveCfg = Debug|Any CPU
		{068E3C95-4C6C-4901-A46F-82B65F8B064A}.Debug|Any CPU.Build.0 = Debug|Any CPU
		{068E3C95-4C6C-4901-A46F-82B65F8B064A}.Release|Any CPU.ActiveCfg = Release|Any CPU
		{068E3C95-4C6C-4901-A46F-82B65F8B064A}.Release|Any CPU.Build.0 = Release|Any CPU
		{DFDD654E-04ED-4B22-AA1A-5EC8A76A15BC}.Debug|Any CPU.ActiveCfg = Debug|Any CPU
		{DFDD654E-04ED-4B22-AA1A-5EC8A76A15BC}.Debug|Any CPU.Build.0 = Debug|Any CPU
		{DFDD654E-04ED-4B22-AA1A-5EC8A76A15BC}.Release|Any CPU.ActiveCfg = Release|Any CPU
		{DFDD654E-04ED-4B22-AA1A-5EC8A76A15BC}.Release|Any CPU.Build.0 = Release|Any CPU
		{6D402BBB-63EB-4B4A-AFC5-AC16CD0B8F87}.Debug|Any CPU.ActiveCfg = Debug|Any CPU
		{6D402BBB-63EB-4B4A-AFC5-AC16CD0B8F87}.Debug|Any CPU.Build.0 = Debug|Any CPU
		{6D402BBB-63EB-4B4A-AFC5-AC16CD0B8F87}.Release|Any CPU.ActiveCfg = Release|Any CPU
		{6D402BBB-63EB-4B4A-AFC5-AC16CD0B8F87}.Release|Any CPU.Build.0 = Release|Any CPU
		{AF469659-E353-4E0C-AC08-FF1024C97F84}.Debug|Any CPU.ActiveCfg = Debug|Any CPU
		{AF469659-E353-4E0C-AC08-FF1024C97F84}.Debug|Any CPU.Build.0 = Debug|Any CPU
		{AF469659-E353-4E0C-AC08-FF1024C97F84}.Release|Any CPU.ActiveCfg = Release|Any CPU
		{AF469659-E353-4E0C-AC08-FF1024C97F84}.Release|Any CPU.Build.0 = Release|Any CPU
		{D055C3BF-EA6B-44A0-93B0-074BCC2750AC}.Debug|Any CPU.ActiveCfg = Debug|Any CPU
		{D055C3BF-EA6B-44A0-93B0-074BCC2750AC}.Debug|Any CPU.Build.0 = Debug|Any CPU
		{D055C3BF-EA6B-44A0-93B0-074BCC2750AC}.Release|Any CPU.ActiveCfg = Release|Any CPU
		{D055C3BF-EA6B-44A0-93B0-074BCC2750AC}.Release|Any CPU.Build.0 = Release|Any CPU
		{B8966502-82F4-4880-8738-78350D454C1F}.Debug|Any CPU.ActiveCfg = Debug|Any CPU
		{B8966502-82F4-4880-8738-78350D454C1F}.Debug|Any CPU.Build.0 = Debug|Any CPU
		{B8966502-82F4-4880-8738-78350D454C1F}.Release|Any CPU.ActiveCfg = Release|Any CPU
		{B8966502-82F4-4880-8738-78350D454C1F}.Release|Any CPU.Build.0 = Release|Any CPU
		{0AE0364B-A4F0-4F11-8B54-8C62A6B2609B}.Debug|Any CPU.ActiveCfg = Debug|Any CPU
		{0AE0364B-A4F0-4F11-8B54-8C62A6B2609B}.Debug|Any CPU.Build.0 = Debug|Any CPU
		{0AE0364B-A4F0-4F11-8B54-8C62A6B2609B}.Release|Any CPU.ActiveCfg = Release|Any CPU
		{0AE0364B-A4F0-4F11-8B54-8C62A6B2609B}.Release|Any CPU.Build.0 = Release|Any CPU
	EndGlobalSection
	GlobalSection(SolutionProperties) = preSolution
		HideSolutionNode = FALSE
	EndGlobalSection
	GlobalSection(ExtensibilityGlobals) = postSolution
		SolutionGuid = {0009552D-1CA2-4BE8-B089-DDC8C9866672}
	EndGlobalSection
EndGlobal
